PODS:
  - example_plugin (0.0.3):
    - FlutterMacOS
  - FlutterMacOS (1.0.0)

DEPENDENCIES:
  - example_plugin (from `Flutter/ephemeral/.symlinks/plugins/example_plugin/macos`)
  - FlutterMacOS (from `Flutter/ephemeral/.symlinks/flutter/darwin-x64`)

EXTERNAL SOURCES:
  example_plugin:
    :path: Flutter/ephemeral/.symlinks/plugins/example_plugin/macos
  FlutterMacOS:
    :path: Flutter/ephemeral/.symlinks/flutter/darwin-x64

SPEC CHECKSUMS:
  example_plugin: 821a6f37bb431bc5c0341e34cdc8df168233db89
  FlutterMacOS: 15bea8a44d2fa024068daa0140371c020b4b6ff9

PODFILE CHECKSUM: 2c44d578a2acaaed0401d0d3bb20d04d4b080703

COCOAPODS: 1.7.2
